// !$*UTF8*$!
{
	archiveVersion = 1;
	classes = {
	};
	objectVersion = 56;
	objects = {

/* Begin PBXBuildFile section */
		711DF4DE2C6BCCFC005349DD /* winner.mp3 in Resources */ = {isa = PBXBuildFile; fileRef = 711DF4DD2C6BCCFC005349DD /* winner.mp3 */; };
		711DF4E02C6BCD03005349DD /* nope.mp3 in Resources */ = {isa = PBXBuildFile; fileRef = 711DF4DF2C6BCD03005349DD /* nope.mp3 */; };
		711DF4E22C6BCD41005349DD /* SoundManager.swift in Sources */ = {isa = PBXBuildFile; fileRef = 711DF4E12C6BCD41005349DD /* SoundManager.swift */; };
		711DF4E42C6D03F8005349DD /* GameHistoryViewModel.swift in Sources */ = {isa = PBXBuildFile; fileRef = 711DF4E32C6D03F8005349DD /* GameHistoryViewModel.swift */; };
		711DF4E62C6D044B005349DD /* GamesHistoryView.swift in Sources */ = {isa = PBXBuildFile; fileRef = 711DF4E52C6D044B005349DD /* GamesHistoryView.swift */; };
		711DF4E82C6D0F4F005349DD /* GameHistoryCell.swift in Sources */ = {isa = PBXBuildFile; fileRef = 711DF4E72C6D0F4F005349DD /* GameHistoryCell.swift */; };
		711DF4EE2C6F8E48005349DD /* QuizResult.swift in Sources */ = {isa = PBXBuildFile; fileRef = 711DF4ED2C6F8E48005349DD /* QuizResult.swift */; };
		711DF4F52C6FADCE005349DD /* Accesses.swift in Sources */ = {isa = PBXBuildFile; fileRef = 711DF4F42C6FADCE005349DD /* Accesses.swift */; };
		711DF4F72C6FAEBA005349DD /* Labels.swift in Sources */ = {isa = PBXBuildFile; fileRef = 711DF4F62C6FAEBA005349DD /* Labels.swift */; };
		711DF4F92C6FB0ED005349DD /* Views.swift in Sources */ = {isa = PBXBuildFile; fileRef = 711DF4F82C6FB0ED005349DD /* Views.swift */; };
		711DF4FE2C6FB554005349DD /* GameHistoryViewControllerWrapper.swift in Sources */ = {isa = PBXBuildFile; fileRef = 711DF4FD2C6FB554005349DD /* GameHistoryViewControllerWrapper.swift */; };
		7124F87E2BC557B30032356E /* MathQuizApp.swift in Sources */ = {isa = PBXBuildFile; fileRef = 7124F87D2BC557B30032356E /* MathQuizApp.swift */; };
		7124F8802BC557B30032356E /* MainView.swift in Sources */ = {isa = PBXBuildFile; fileRef = 7124F87F2BC557B30032356E /* MainView.swift */; };
		7124F8822BC557B40032356E /* Assets.xcassets in Resources */ = {isa = PBXBuildFile; fileRef = 7124F8812BC557B40032356E /* Assets.xcassets */; };
		7124F8852BC557B40032356E /* Preview Assets.xcassets in Resources */ = {isa = PBXBuildFile; fileRef = 7124F8842BC557B40032356E /* Preview Assets.xcassets */; };
		7124F88F2BC557B50032356E /* mathQuizTests.swift in Sources */ = {isa = PBXBuildFile; fileRef = 7124F88E2BC557B50032356E /* mathQuizTests.swift */; };
		7124F8992BC557B50032356E /* mathQuizUITests.swift in Sources */ = {isa = PBXBuildFile; fileRef = 7124F8982BC557B50032356E /* mathQuizUITests.swift */; };
		7124F89B2BC557B50032356E /* mathQuizUITestsLaunchTests.swift in Sources */ = {isa = PBXBuildFile; fileRef = 7124F89A2BC557B50032356E /* mathQuizUITestsLaunchTests.swift */; };
		7124F8A82BC55B530032356E /* QuizView.swift in Sources */ = {isa = PBXBuildFile; fileRef = 7124F8A72BC55B530032356E /* QuizView.swift */; };
		7124F8AA2BC57C1A0032356E /* Colors.swift in Sources */ = {isa = PBXBuildFile; fileRef = 7124F8A92BC57C1A0032356E /* Colors.swift */; };
		7124F8AD2BC59C3C0032356E /* MainViewModel.swift in Sources */ = {isa = PBXBuildFile; fileRef = 7124F8AC2BC59C3C0032356E /* MainViewModel.swift */; };
		7124F8B22BC6C5D60032356E /* QuizModel.swift in Sources */ = {isa = PBXBuildFile; fileRef = 7124F8B12BC6C5D60032356E /* QuizModel.swift */; };
		7124F8B72BC6C6210032356E /* QuizViewModel.swift in Sources */ = {isa = PBXBuildFile; fileRef = 7124F8B62BC6C6210032356E /* QuizViewModel.swift */; };
		7124F8B92BC6D0070032356E /* ReusableText.swift in Sources */ = {isa = PBXBuildFile; fileRef = 7124F8B82BC6D0070032356E /* ReusableText.swift */; };
		7124F8BC2BC6D4120032356E /* OptionsGridView.swift in Sources */ = {isa = PBXBuildFile; fileRef = 7124F8BB2BC6D4120032356E /* OptionsGridView.swift */; };
		7124F8BE2BC6F1C50032356E /* QuizCompletedView.swift in Sources */ = {isa = PBXBuildFile; fileRef = 7124F8BD2BC6F1C50032356E /* QuizCompletedView.swift */; };
		71774D1B2C613110002ED571 /* ChooseTopics.swift in Sources */ = {isa = PBXBuildFile; fileRef = 71774D1A2C613110002ED571 /* ChooseTopics.swift */; };
		71774D1E2C667197002ED571 /* Coordinator.swift in Sources */ = {isa = PBXBuildFile; fileRef = 71774D1D2C667197002ED571 /* Coordinator.swift */; };
		71774D212C66722C002ED571 /* MainCoordinator.swift in Sources */ = {isa = PBXBuildFile; fileRef = 71774D202C66722C002ED571 /* MainCoordinator.swift */; };
		719539342C7CD975008B92F0 /* InfoDialog.swift in Sources */ = {isa = PBXBuildFile; fileRef = 719539332C7CD975008B92F0 /* InfoDialog.swift */; };
		71985D2D2C75188F0048B09E /* PlaceholderView.swift in Sources */ = {isa = PBXBuildFile; fileRef = 71985D2C2C75188F0048B09E /* PlaceholderView.swift */; };
		71985D322C777C720048B09E /* CustomDialog.swift in Sources */ = {isa = PBXBuildFile; fileRef = 71985D312C777C720048B09E /* CustomDialog.swift */; };
		71985D352C77AA7E0048B09E /* SnapKit in Frameworks */ = {isa = PBXBuildFile; productRef = 71985D342C77AA7E0048B09E /* SnapKit */; };
		71DF2A902BFF859000BF6DF8 /* Extension.swift in Sources */ = {isa = PBXBuildFile; fileRef = 71DF2A8F2BFF859000BF6DF8 /* Extension.swift */; };
		71DF2A922BFF861100BF6DF8 /* OptionCardView.swift in Sources */ = {isa = PBXBuildFile; fileRef = 71DF2A912BFF861100BF6DF8 /* OptionCardView.swift */; };
/* End PBXBuildFile section */

/* Begin PBXContainerItemProxy section */
		7124F88B2BC557B50032356E /* PBXContainerItemProxy */ = {
			isa = PBXContainerItemProxy;
			containerPortal = 7124F8722BC557B30032356E /* Project object */;
			proxyType = 1;
			remoteGlobalIDString = 7124F8792BC557B30032356E;
			remoteInfo = mathQuiz;
		};
		7124F8952BC557B50032356E /* PBXContainerItemProxy */ = {
			isa = PBXContainerItemProxy;
			containerPortal = 7124F8722BC557B30032356E /* Project object */;
			proxyType = 1;
			remoteGlobalIDString = 7124F8792BC557B30032356E;
			remoteInfo = mathQuiz;
		};
/* End PBXContainerItemProxy section */

/* Begin PBXFileReference section */
		711DF4DD2C6BCCFC005349DD /* winner.mp3 */ = {isa = PBXFileReference; lastKnownFileType = audio.mp3; path = winner.mp3; sourceTree = "<group>"; };
		711DF4DF2C6BCD03005349DD /* nope.mp3 */ = {isa = PBXFileReference; lastKnownFileType = audio.mp3; path = nope.mp3; sourceTree = "<group>"; };
		711DF4E12C6BCD41005349DD /* SoundManager.swift */ = {isa = PBXFileReference; lastKnownFileType = sourcecode.swift; path = SoundManager.swift; sourceTree = "<group>"; };
		711DF4E32C6D03F8005349DD /* GameHistoryViewModel.swift */ = {isa = PBXFileReference; lastKnownFileType = sourcecode.swift; path = GameHistoryViewModel.swift; sourceTree = "<group>"; };
		711DF4E52C6D044B005349DD /* GamesHistoryView.swift */ = {isa = PBXFileReference; lastKnownFileType = sourcecode.swift; path = GamesHistoryView.swift; sourceTree = "<group>"; };
		711DF4E72C6D0F4F005349DD /* GameHistoryCell.swift */ = {isa = PBXFileReference; lastKnownFileType = sourcecode.swift; path = GameHistoryCell.swift; sourceTree = "<group>"; };
		711DF4ED2C6F8E48005349DD /* QuizResult.swift */ = {isa = PBXFileReference; lastKnownFileType = sourcecode.swift; path = QuizResult.swift; sourceTree = "<group>"; };
		711DF4F42C6FADCE005349DD /* Accesses.swift */ = {isa = PBXFileReference; lastKnownFileType = sourcecode.swift; path = Accesses.swift; sourceTree = "<group>"; };
		711DF4F62C6FAEBA005349DD /* Labels.swift */ = {isa = PBXFileReference; lastKnownFileType = sourcecode.swift; path = Labels.swift; sourceTree = "<group>"; };
		711DF4F82C6FB0ED005349DD /* Views.swift */ = {isa = PBXFileReference; lastKnownFileType = sourcecode.swift; path = Views.swift; sourceTree = "<group>"; };
		711DF4FD2C6FB554005349DD /* GameHistoryViewControllerWrapper.swift */ = {isa = PBXFileReference; lastKnownFileType = sourcecode.swift; path = GameHistoryViewControllerWrapper.swift; sourceTree = "<group>"; };
		7124F87A2BC557B30032356E /* mathQuiz.app */ = {isa = PBXFileReference; explicitFileType = wrapper.application; includeInIndex = 0; path = mathQuiz.app; sourceTree = BUILT_PRODUCTS_DIR; };
		7124F87D2BC557B30032356E /* MathQuizApp.swift */ = {isa = PBXFileReference; lastKnownFileType = sourcecode.swift; path = MathQuizApp.swift; sourceTree = "<group>"; };
		7124F87F2BC557B30032356E /* MainView.swift */ = {isa = PBXFileReference; lastKnownFileType = sourcecode.swift; path = MainView.swift; sourceTree = "<group>"; };
		7124F8812BC557B40032356E /* Assets.xcassets */ = {isa = PBXFileReference; lastKnownFileType = folder.assetcatalog; path = Assets.xcassets; sourceTree = "<group>"; };
		7124F8842BC557B40032356E /* Preview Assets.xcassets */ = {isa = PBXFileReference; lastKnownFileType = folder.assetcatalog; path = "Preview Assets.xcassets"; sourceTree = "<group>"; };
		7124F88A2BC557B50032356E /* mathQuizTests.xctest */ = {isa = PBXFileReference; explicitFileType = wrapper.cfbundle; includeInIndex = 0; path = mathQuizTests.xctest; sourceTree = BUILT_PRODUCTS_DIR; };
		7124F88E2BC557B50032356E /* mathQuizTests.swift */ = {isa = PBXFileReference; lastKnownFileType = sourcecode.swift; path = mathQuizTests.swift; sourceTree = "<group>"; };
		7124F8942BC557B50032356E /* mathQuizUITests.xctest */ = {isa = PBXFileReference; explicitFileType = wrapper.cfbundle; includeInIndex = 0; path = mathQuizUITests.xctest; sourceTree = BUILT_PRODUCTS_DIR; };
		7124F8982BC557B50032356E /* mathQuizUITests.swift */ = {isa = PBXFileReference; lastKnownFileType = sourcecode.swift; path = mathQuizUITests.swift; sourceTree = "<group>"; };
		7124F89A2BC557B50032356E /* mathQuizUITestsLaunchTests.swift */ = {isa = PBXFileReference; lastKnownFileType = sourcecode.swift; path = mathQuizUITestsLaunchTests.swift; sourceTree = "<group>"; };
		7124F8A72BC55B530032356E /* QuizView.swift */ = {isa = PBXFileReference; lastKnownFileType = sourcecode.swift; path = QuizView.swift; sourceTree = "<group>"; };
		7124F8A92BC57C1A0032356E /* Colors.swift */ = {isa = PBXFileReference; lastKnownFileType = sourcecode.swift; path = Colors.swift; sourceTree = "<group>"; };
		7124F8AC2BC59C3C0032356E /* MainViewModel.swift */ = {isa = PBXFileReference; lastKnownFileType = sourcecode.swift; path = MainViewModel.swift; sourceTree = "<group>"; };
		7124F8B12BC6C5D60032356E /* QuizModel.swift */ = {isa = PBXFileReference; lastKnownFileType = sourcecode.swift; path = QuizModel.swift; sourceTree = "<group>"; };
		7124F8B62BC6C6210032356E /* QuizViewModel.swift */ = {isa = PBXFileReference; lastKnownFileType = sourcecode.swift; path = QuizViewModel.swift; sourceTree = "<group>"; };
		7124F8B82BC6D0070032356E /* ReusableText.swift */ = {isa = PBXFileReference; lastKnownFileType = sourcecode.swift; path = ReusableText.swift; sourceTree = "<group>"; };
		7124F8BB2BC6D4120032356E /* OptionsGridView.swift */ = {isa = PBXFileReference; lastKnownFileType = sourcecode.swift; path = OptionsGridView.swift; sourceTree = "<group>"; };
		7124F8BD2BC6F1C50032356E /* QuizCompletedView.swift */ = {isa = PBXFileReference; lastKnownFileType = sourcecode.swift; path = QuizCompletedView.swift; sourceTree = "<group>"; };
		71774D1A2C613110002ED571 /* ChooseTopics.swift */ = {isa = PBXFileReference; lastKnownFileType = sourcecode.swift; path = ChooseTopics.swift; sourceTree = "<group>"; };
		71774D1D2C667197002ED571 /* Coordinator.swift */ = {isa = PBXFileReference; lastKnownFileType = sourcecode.swift; path = Coordinator.swift; sourceTree = "<group>"; };
		71774D202C66722C002ED571 /* MainCoordinator.swift */ = {isa = PBXFileReference; lastKnownFileType = sourcecode.swift; path = MainCoordinator.swift; sourceTree = "<group>"; };
		719539332C7CD975008B92F0 /* InfoDialog.swift */ = {isa = PBXFileReference; lastKnownFileType = sourcecode.swift; path = InfoDialog.swift; sourceTree = "<group>"; };
		71985D2C2C75188F0048B09E /* PlaceholderView.swift */ = {isa = PBXFileReference; lastKnownFileType = sourcecode.swift; path = PlaceholderView.swift; sourceTree = "<group>"; };
		71985D312C777C720048B09E /* CustomDialog.swift */ = {isa = PBXFileReference; lastKnownFileType = sourcecode.swift; path = CustomDialog.swift; sourceTree = "<group>"; };
		71DF2A8F2BFF859000BF6DF8 /* Extension.swift */ = {isa = PBXFileReference; lastKnownFileType = sourcecode.swift; path = Extension.swift; sourceTree = "<group>"; };
		71DF2A912BFF861100BF6DF8 /* OptionCardView.swift */ = {isa = PBXFileReference; lastKnownFileType = sourcecode.swift; path = OptionCardView.swift; sourceTree = "<group>"; };
/* End PBXFileReference section */

/* Begin PBXFrameworksBuildPhase section */
		7124F8772BC557B30032356E /* Frameworks */ = {
			isa = PBXFrameworksBuildPhase;
			buildActionMask = 2147483647;
			files = (
				71985D352C77AA7E0048B09E /* SnapKit in Frameworks */,
			);
			runOnlyForDeploymentPostprocessing = 0;
		};
		7124F8872BC557B50032356E /* Frameworks */ = {
			isa = PBXFrameworksBuildPhase;
			buildActionMask = 2147483647;
			files = (
			);
			runOnlyForDeploymentPostprocessing = 0;
		};
		7124F8912BC557B50032356E /* Frameworks */ = {
			isa = PBXFrameworksBuildPhase;
			buildActionMask = 2147483647;
			files = (
			);
			runOnlyForDeploymentPostprocessing = 0;
		};
/* End PBXFrameworksBuildPhase section */

/* Begin PBXGroup section */
		711DF4DC2C6BCCE6005349DD /* Sounds */ = {
			isa = PBXGroup;
			children = (
				711DF4E12C6BCD41005349DD /* SoundManager.swift */,
				711DF4DF2C6BCD03005349DD /* nope.mp3 */,
				711DF4DD2C6BCCFC005349DD /* winner.mp3 */,
			);
			path = Sounds;
			sourceTree = "<group>";
		};
		711DF4EC2C6E7068005349DD /* Cell */ = {
			isa = PBXGroup;
			children = (
				711DF4E72C6D0F4F005349DD /* GameHistoryCell.swift */,
			);
			path = Cell;
			sourceTree = "<group>";
		};
		711DF4FC2C6FB547005349DD /* Components */ = {
			isa = PBXGroup;
			children = (
				711DF4FD2C6FB554005349DD /* GameHistoryViewControllerWrapper.swift */,
				71985D2C2C75188F0048B09E /* PlaceholderView.swift */,
			);
			path = Components;
			sourceTree = "<group>";
		};
		7124F8712BC557B30032356E = {
			isa = PBXGroup;
			children = (
				7124F87C2BC557B30032356E /* mathQuiz */,
				7124F88D2BC557B50032356E /* mathQuizTests */,
				7124F8972BC557B50032356E /* mathQuizUITests */,
				7124F87B2BC557B30032356E /* Products */,
			);
			sourceTree = "<group>";
		};
		7124F87B2BC557B30032356E /* Products */ = {
			isa = PBXGroup;
			children = (
				7124F87A2BC557B30032356E /* mathQuiz.app */,
				7124F88A2BC557B50032356E /* mathQuizTests.xctest */,
				7124F8942BC557B50032356E /* mathQuizUITests.xctest */,
			);
			name = Products;
			sourceTree = "<group>";
		};
		7124F87C2BC557B30032356E /* mathQuiz */ = {
			isa = PBXGroup;
			children = (
				7124F87D2BC557B30032356E /* MathQuizApp.swift */,
				7124F8B32BC6C5F40032356E /* MainView */,
				7124F8B52BC6C6120032356E /* QuizView */,
				7124F8B42BC6C6020032356E /* HistoryView */,
				7124F8BF2BC7DBD20032356E /* QuizCompletedView */,
				71774D1F2C667215002ED571 /* Coordinator */,
				7124F8B02BC6C5B80032356E /* Model */,
				7124F8AB2BC57C510032356E /* Components */,
				7124F8832BC557B40032356E /* Preview Content */,
			);
			path = mathQuiz;
			sourceTree = "<group>";
		};
		7124F8832BC557B40032356E /* Preview Content */ = {
			isa = PBXGroup;
			children = (
				7124F8842BC557B40032356E /* Preview Assets.xcassets */,
			);
			path = "Preview Content";
			sourceTree = "<group>";
		};
		7124F88D2BC557B50032356E /* mathQuizTests */ = {
			isa = PBXGroup;
			children = (
				7124F88E2BC557B50032356E /* mathQuizTests.swift */,
			);
			path = mathQuizTests;
			sourceTree = "<group>";
		};
		7124F8972BC557B50032356E /* mathQuizUITests */ = {
			isa = PBXGroup;
			children = (
				7124F8982BC557B50032356E /* mathQuizUITests.swift */,
				7124F89A2BC557B50032356E /* mathQuizUITestsLaunchTests.swift */,
			);
			path = mathQuizUITests;
			sourceTree = "<group>";
		};
		7124F8AB2BC57C510032356E /* Components */ = {
			isa = PBXGroup;
			children = (
				7124F8812BC557B40032356E /* Assets.xcassets */,
				7124F8A92BC57C1A0032356E /* Colors.swift */,
				711DF4F42C6FADCE005349DD /* Accesses.swift */,
				711DF4F62C6FAEBA005349DD /* Labels.swift */,
				711DF4F82C6FB0ED005349DD /* Views.swift */,
				711DF4DC2C6BCCE6005349DD /* Sounds */,
			);
			path = Components;
			sourceTree = "<group>";
		};
		7124F8B02BC6C5B80032356E /* Model */ = {
			isa = PBXGroup;
			children = (
				7124F8B12BC6C5D60032356E /* QuizModel.swift */,
				711DF4ED2C6F8E48005349DD /* QuizResult.swift */,
				71DF2A8F2BFF859000BF6DF8 /* Extension.swift */,
			);
			path = Model;
			sourceTree = "<group>";
		};
		7124F8B32BC6C5F40032356E /* MainView */ = {
			isa = PBXGroup;
			children = (
				7124F87F2BC557B30032356E /* MainView.swift */,
				7124F8AC2BC59C3C0032356E /* MainViewModel.swift */,
				71774D1C2C61313B002ED571 /* Components */,
			);
			path = MainView;
			sourceTree = "<group>";
		};
		7124F8B42BC6C6020032356E /* HistoryView */ = {
			isa = PBXGroup;
			children = (
				711DF4E52C6D044B005349DD /* GamesHistoryView.swift */,
				711DF4E32C6D03F8005349DD /* GameHistoryViewModel.swift */,
				711DF4FC2C6FB547005349DD /* Components */,
				711DF4EC2C6E7068005349DD /* Cell */,
			);
			path = HistoryView;
			sourceTree = "<group>";
		};
		7124F8B52BC6C6120032356E /* QuizView */ = {
			isa = PBXGroup;
			children = (
				7124F8A72BC55B530032356E /* QuizView.swift */,
				7124F8B62BC6C6210032356E /* QuizViewModel.swift */,
				7124F8BA2BC6D3EA0032356E /* Components */,
			);
			path = QuizView;
			sourceTree = "<group>";
		};
		7124F8BA2BC6D3EA0032356E /* Components */ = {
			isa = PBXGroup;
			children = (
				7124F8BB2BC6D4120032356E /* OptionsGridView.swift */,
				71DF2A912BFF861100BF6DF8 /* OptionCardView.swift */,
				7124F8B82BC6D0070032356E /* ReusableText.swift */,
				719539332C7CD975008B92F0 /* InfoDialog.swift */,
			);
			path = Components;
			sourceTree = "<group>";
		};
		7124F8BF2BC7DBD20032356E /* QuizCompletedView */ = {
			isa = PBXGroup;
			children = (
				7124F8BD2BC6F1C50032356E /* QuizCompletedView.swift */,
			);
			path = QuizCompletedView;
			sourceTree = "<group>";
		};
		71774D1C2C61313B002ED571 /* Components */ = {
			isa = PBXGroup;
			children = (
				71774D1A2C613110002ED571 /* ChooseTopics.swift */,
				71985D312C777C720048B09E /* CustomDialog.swift */,
			);
			path = Components;
			sourceTree = "<group>";
		};
		71774D1F2C667215002ED571 /* Coordinator */ = {
			isa = PBXGroup;
			children = (
				71774D1D2C667197002ED571 /* Coordinator.swift */,
				71774D202C66722C002ED571 /* MainCoordinator.swift */,
			);
			path = Coordinator;
			sourceTree = "<group>";
		};
/* End PBXGroup section */

/* Begin PBXNativeTarget section */
		7124F8792BC557B30032356E /* mathQuiz */ = {
			isa = PBXNativeTarget;
			buildConfigurationList = 7124F89E2BC557B50032356E /* Build configuration list for PBXNativeTarget "mathQuiz" */;
			buildPhases = (
				7124F8762BC557B30032356E /* Sources */,
				7124F8772BC557B30032356E /* Frameworks */,
				7124F8782BC557B30032356E /* Resources */,
			);
			buildRules = (
			);
			dependencies = (
			);
			name = mathQuiz;
			packageProductDependencies = (
				71985D342C77AA7E0048B09E /* SnapKit */,
			);
			productName = mathQuiz;
			productReference = 7124F87A2BC557B30032356E /* mathQuiz.app */;
			productType = "com.apple.product-type.application";
		};
		7124F8892BC557B50032356E /* mathQuizTests */ = {
			isa = PBXNativeTarget;
			buildConfigurationList = 7124F8A12BC557B50032356E /* Build configuration list for PBXNativeTarget "mathQuizTests" */;
			buildPhases = (
				7124F8862BC557B50032356E /* Sources */,
				7124F8872BC557B50032356E /* Frameworks */,
				7124F8882BC557B50032356E /* Resources */,
			);
			buildRules = (
			);
			dependencies = (
				7124F88C2BC557B50032356E /* PBXTargetDependency */,
			);
			name = mathQuizTests;
			productName = mathQuizTests;
			productReference = 7124F88A2BC557B50032356E /* mathQuizTests.xctest */;
			productType = "com.apple.product-type.bundle.unit-test";
		};
		7124F8932BC557B50032356E /* mathQuizUITests */ = {
			isa = PBXNativeTarget;
			buildConfigurationList = 7124F8A42BC557B50032356E /* Build configuration list for PBXNativeTarget "mathQuizUITests" */;
			buildPhases = (
				7124F8902BC557B50032356E /* Sources */,
				7124F8912BC557B50032356E /* Frameworks */,
				7124F8922BC557B50032356E /* Resources */,
			);
			buildRules = (
			);
			dependencies = (
				7124F8962BC557B50032356E /* PBXTargetDependency */,
			);
			name = mathQuizUITests;
			productName = mathQuizUITests;
			productReference = 7124F8942BC557B50032356E /* mathQuizUITests.xctest */;
			productType = "com.apple.product-type.bundle.ui-testing";
		};
/* End PBXNativeTarget section */

/* Begin PBXProject section */
		7124F8722BC557B30032356E /* Project object */ = {
			isa = PBXProject;
			attributes = {
				BuildIndependentTargetsInParallel = 1;
				LastSwiftUpdateCheck = 1530;
				LastUpgradeCheck = 1530;
				TargetAttributes = {
					7124F8792BC557B30032356E = {
						CreatedOnToolsVersion = 15.3;
					};
					7124F8892BC557B50032356E = {
						CreatedOnToolsVersion = 15.3;
						TestTargetID = 7124F8792BC557B30032356E;
					};
					7124F8932BC557B50032356E = {
						CreatedOnToolsVersion = 15.3;
						TestTargetID = 7124F8792BC557B30032356E;
					};
				};
			};
			buildConfigurationList = 7124F8752BC557B30032356E /* Build configuration list for PBXProject "mathQuiz" */;
			compatibilityVersion = "Xcode 14.0";
			developmentRegion = en;
			hasScannedForEncodings = 0;
			knownRegions = (
				en,
				Base,
			);
			mainGroup = 7124F8712BC557B30032356E;
			packageReferences = (
				71985D332C77AA7E0048B09E /* XCRemoteSwiftPackageReference "SnapKit" */,
			);
			productRefGroup = 7124F87B2BC557B30032356E /* Products */;
			projectDirPath = "";
			projectRoot = "";
			targets = (
				7124F8792BC557B30032356E /* mathQuiz */,
				7124F8892BC557B50032356E /* mathQuizTests */,
				7124F8932BC557B50032356E /* mathQuizUITests */,
			);
		};
/* End PBXProject section */

/* Begin PBXResourcesBuildPhase section */
		7124F8782BC557B30032356E /* Resources */ = {
			isa = PBXResourcesBuildPhase;
			buildActionMask = 2147483647;
			files = (
				711DF4E02C6BCD03005349DD /* nope.mp3 in Resources */,
				7124F8852BC557B40032356E /* Preview Assets.xcassets in Resources */,
				711DF4DE2C6BCCFC005349DD /* winner.mp3 in Resources */,
				7124F8822BC557B40032356E /* Assets.xcassets in Resources */,
			);
			runOnlyForDeploymentPostprocessing = 0;
		};
		7124F8882BC557B50032356E /* Resources */ = {
			isa = PBXResourcesBuildPhase;
			buildActionMask = 2147483647;
			files = (
			);
			runOnlyForDeploymentPostprocessing = 0;
		};
		7124F8922BC557B50032356E /* Resources */ = {
			isa = PBXResourcesBuildPhase;
			buildActionMask = 2147483647;
			files = (
			);
			runOnlyForDeploymentPostprocessing = 0;
		};
/* End PBXResourcesBuildPhase section */

/* Begin PBXSourcesBuildPhase section */
		7124F8762BC557B30032356E /* Sources */ = {
			isa = PBXSourcesBuildPhase;
			buildActionMask = 2147483647;
			files = (
				71985D322C777C720048B09E /* CustomDialog.swift in Sources */,
				71774D212C66722C002ED571 /* MainCoordinator.swift in Sources */,
				71774D1E2C667197002ED571 /* Coordinator.swift in Sources */,
				711DF4EE2C6F8E48005349DD /* QuizResult.swift in Sources */,
				71774D1B2C613110002ED571 /* ChooseTopics.swift in Sources */,
				7124F8B92BC6D0070032356E /* ReusableText.swift in Sources */,
				711DF4FE2C6FB554005349DD /* GameHistoryViewControllerWrapper.swift in Sources */,
				711DF4F52C6FADCE005349DD /* Accesses.swift in Sources */,
				71985D2D2C75188F0048B09E /* PlaceholderView.swift in Sources */,
				7124F8AD2BC59C3C0032356E /* MainViewModel.swift in Sources */,
				71DF2A902BFF859000BF6DF8 /* Extension.swift in Sources */,
				711DF4E62C6D044B005349DD /* GamesHistoryView.swift in Sources */,
				711DF4F72C6FAEBA005349DD /* Labels.swift in Sources */,
				719539342C7CD975008B92F0 /* InfoDialog.swift in Sources */,
				711DF4E22C6BCD41005349DD /* SoundManager.swift in Sources */,
				7124F8BC2BC6D4120032356E /* OptionsGridView.swift in Sources */,
				7124F8802BC557B30032356E /* MainView.swift in Sources */,
				7124F8B72BC6C6210032356E /* QuizViewModel.swift in Sources */,
				7124F8AA2BC57C1A0032356E /* Colors.swift in Sources */,
				711DF4E82C6D0F4F005349DD /* GameHistoryCell.swift in Sources */,
				7124F87E2BC557B30032356E /* MathQuizApp.swift in Sources */,
				7124F8BE2BC6F1C50032356E /* QuizCompletedView.swift in Sources */,
				7124F8B22BC6C5D60032356E /* QuizModel.swift in Sources */,
				711DF4F92C6FB0ED005349DD /* Views.swift in Sources */,
				7124F8A82BC55B530032356E /* QuizView.swift in Sources */,
				711DF4E42C6D03F8005349DD /* GameHistoryViewModel.swift in Sources */,
				71DF2A922BFF861100BF6DF8 /* OptionCardView.swift in Sources */,
			);
			runOnlyForDeploymentPostprocessing = 0;
		};
		7124F8862BC557B50032356E /* Sources */ = {
			isa = PBXSourcesBuildPhase;
			buildActionMask = 2147483647;
			files = (
				7124F88F2BC557B50032356E /* mathQuizTests.swift in Sources */,
			);
			runOnlyForDeploymentPostprocessing = 0;
		};
		7124F8902BC557B50032356E /* Sources */ = {
			isa = PBXSourcesBuildPhase;
			buildActionMask = 2147483647;
			files = (
				7124F89B2BC557B50032356E /* mathQuizUITestsLaunchTests.swift in Sources */,
				7124F8992BC557B50032356E /* mathQuizUITests.swift in Sources */,
			);
			runOnlyForDeploymentPostprocessing = 0;
		};
/* End PBXSourcesBuildPhase section */

/* Begin PBXTargetDependency section */
		7124F88C2BC557B50032356E /* PBXTargetDependency */ = {
			isa = PBXTargetDependency;
			target = 7124F8792BC557B30032356E /* mathQuiz */;
			targetProxy = 7124F88B2BC557B50032356E /* PBXContainerItemProxy */;
		};
		7124F8962BC557B50032356E /* PBXTargetDependency */ = {
			isa = PBXTargetDependency;
			target = 7124F8792BC557B30032356E /* mathQuiz */;
			targetProxy = 7124F8952BC557B50032356E /* PBXContainerItemProxy */;
		};
/* End PBXTargetDependency section */

/* Begin XCBuildConfiguration section */
		7124F89C2BC557B50032356E /* Debug */ = {
			isa = XCBuildConfiguration;
			buildSettings = {
				ALWAYS_SEARCH_USER_PATHS = NO;
				ASSETCATALOG_COMPILER_GENERATE_SWIFT_ASSET_SYMBOL_EXTENSIONS = YES;
				CLANG_ANALYZER_NONNULL = YES;
				CLANG_ANALYZER_NUMBER_OBJECT_CONVERSION = YES_AGGRESSIVE;
				CLANG_CXX_LANGUAGE_STANDARD = "gnu++20";
				CLANG_ENABLE_MODULES = YES;
				CLANG_ENABLE_OBJC_ARC = YES;
				CLANG_ENABLE_OBJC_WEAK = YES;
				CLANG_WARN_BLOCK_CAPTURE_AUTORELEASING = YES;
				CLANG_WARN_BOOL_CONVERSION = YES;
				CLANG_WARN_COMMA = YES;
				CLANG_WARN_CONSTANT_CONVERSION = YES;
				CLANG_WARN_DEPRECATED_OBJC_IMPLEMENTATIONS = YES;
				CLANG_WARN_DIRECT_OBJC_ISA_USAGE = YES_ERROR;
				CLANG_WARN_DOCUMENTATION_COMMENTS = YES;
				CLANG_WARN_EMPTY_BODY = YES;
				CLANG_WARN_ENUM_CONVERSION = YES;
				CLANG_WARN_INFINITE_RECURSION = YES;
				CLANG_WARN_INT_CONVERSION = YES;
				CLANG_WARN_NON_LITERAL_NULL_CONVERSION = YES;
				CLANG_WARN_OBJC_IMPLICIT_RETAIN_SELF = YES;
				CLANG_WARN_OBJC_LITERAL_CONVERSION = YES;
				CLANG_WARN_OBJC_ROOT_CLASS = YES_ERROR;
				CLANG_WARN_QUOTED_INCLUDE_IN_FRAMEWORK_HEADER = YES;
				CLANG_WARN_RANGE_LOOP_ANALYSIS = YES;
				CLANG_WARN_STRICT_PROTOTYPES = YES;
				CLANG_WARN_SUSPICIOUS_MOVE = YES;
				CLANG_WARN_UNGUARDED_AVAILABILITY = YES_AGGRESSIVE;
				CLANG_WARN_UNREACHABLE_CODE = YES;
				CLANG_WARN__DUPLICATE_METHOD_MATCH = YES;
				COPY_PHASE_STRIP = NO;
				DEBUG_INFORMATION_FORMAT = dwarf;
				ENABLE_STRICT_OBJC_MSGSEND = YES;
				ENABLE_TESTABILITY = YES;
				ENABLE_USER_SCRIPT_SANDBOXING = YES;
				GCC_C_LANGUAGE_STANDARD = gnu17;
				GCC_DYNAMIC_NO_PIC = NO;
				GCC_NO_COMMON_BLOCKS = YES;
				GCC_OPTIMIZATION_LEVEL = 0;
				GCC_PREPROCESSOR_DEFINITIONS = (
					"DEBUG=1",
					"$(inherited)",
				);
				GCC_WARN_64_TO_32_BIT_CONVERSION = YES;
				GCC_WARN_ABOUT_RETURN_TYPE = YES_ERROR;
				GCC_WARN_UNDECLARED_SELECTOR = YES;
				GCC_WARN_UNINITIALIZED_AUTOS = YES_AGGRESSIVE;
				GCC_WARN_UNUSED_FUNCTION = YES;
				GCC_WARN_UNUSED_VARIABLE = YES;
				IPHONEOS_DEPLOYMENT_TARGET = 15.6;
				LOCALIZATION_PREFERS_STRING_CATALOGS = YES;
				MTL_ENABLE_DEBUG_INFO = INCLUDE_SOURCE;
				MTL_FAST_MATH = YES;
				ONLY_ACTIVE_ARCH = YES;
				SDKROOT = iphoneos;
				SWIFT_ACTIVE_COMPILATION_CONDITIONS = "DEBUG $(inherited)";
				SWIFT_OPTIMIZATION_LEVEL = "-Onone";
			};
			name = Debug;
		};
		7124F89D2BC557B50032356E /* Release */ = {
			isa = XCBuildConfiguration;
			buildSettings = {
				ALWAYS_SEARCH_USER_PATHS = NO;
				ASSETCATALOG_COMPILER_GENERATE_SWIFT_ASSET_SYMBOL_EXTENSIONS = YES;
				CLANG_ANALYZER_NONNULL = YES;
				CLANG_ANALYZER_NUMBER_OBJECT_CONVERSION = YES_AGGRESSIVE;
				CLANG_CXX_LANGUAGE_STANDARD = "gnu++20";
				CLANG_ENABLE_MODULES = YES;
				CLANG_ENABLE_OBJC_ARC = YES;
				CLANG_ENABLE_OBJC_WEAK = YES;
				CLANG_WARN_BLOCK_CAPTURE_AUTORELEASING = YES;
				CLANG_WARN_BOOL_CONVERSION = YES;
				CLANG_WARN_COMMA = YES;
				CLANG_WARN_CONSTANT_CONVERSION = YES;
				CLANG_WARN_DEPRECATED_OBJC_IMPLEMENTATIONS = YES;
				CLANG_WARN_DIRECT_OBJC_ISA_USAGE = YES_ERROR;
				CLANG_WARN_DOCUMENTATION_COMMENTS = YES;
				CLANG_WARN_EMPTY_BODY = YES;
				CLANG_WARN_ENUM_CONVERSION = YES;
				CLANG_WARN_INFINITE_RECURSION = YES;
				CLANG_WARN_INT_CONVERSION = YES;
				CLANG_WARN_NON_LITERAL_NULL_CONVERSION = YES;
				CLANG_WARN_OBJC_IMPLICIT_RETAIN_SELF = YES;
				CLANG_WARN_OBJC_LITERAL_CONVERSION = YES;
				CLANG_WARN_OBJC_ROOT_CLASS = YES_ERROR;
				CLANG_WARN_QUOTED_INCLUDE_IN_FRAMEWORK_HEADER = YES;
				CLANG_WARN_RANGE_LOOP_ANALYSIS = YES;
				CLANG_WARN_STRICT_PROTOTYPES = YES;
				CLANG_WARN_SUSPICIOUS_MOVE = YES;
				CLANG_WARN_UNGUARDED_AVAILABILITY = YES_AGGRESSIVE;
				CLANG_WARN_UNREACHABLE_CODE = YES;
				CLANG_WARN__DUPLICATE_METHOD_MATCH = YES;
				COPY_PHASE_STRIP = NO;
				DEBUG_INFORMATION_FORMAT = "dwarf-with-dsym";
				ENABLE_NS_ASSERTIONS = NO;
				ENABLE_STRICT_OBJC_MSGSEND = YES;
				ENABLE_USER_SCRIPT_SANDBOXING = YES;
				GCC_C_LANGUAGE_STANDARD = gnu17;
				GCC_NO_COMMON_BLOCKS = YES;
				GCC_WARN_64_TO_32_BIT_CONVERSION = YES;
				GCC_WARN_ABOUT_RETURN_TYPE = YES_ERROR;
				GCC_WARN_UNDECLARED_SELECTOR = YES;
				GCC_WARN_UNINITIALIZED_AUTOS = YES_AGGRESSIVE;
				GCC_WARN_UNUSED_FUNCTION = YES;
				GCC_WARN_UNUSED_VARIABLE = YES;
				IPHONEOS_DEPLOYMENT_TARGET = 15.6;
				LOCALIZATION_PREFERS_STRING_CATALOGS = YES;
				MTL_ENABLE_DEBUG_INFO = NO;
				MTL_FAST_MATH = YES;
				SDKROOT = iphoneos;
				SWIFT_COMPILATION_MODE = wholemodule;
				VALIDATE_PRODUCT = YES;
			};
			name = Release;
		};
		7124F89F2BC557B50032356E /* Debug */ = {
			isa = XCBuildConfiguration;
			buildSettings = {
				ASSETCATALOG_COMPILER_APPICON_NAME = AppIcon;
				ASSETCATALOG_COMPILER_GLOBAL_ACCENT_COLOR_NAME = AccentColor;
				CODE_SIGN_STYLE = Automatic;
				CURRENT_PROJECT_VERSION = 1;
				DEVELOPMENT_ASSET_PATHS = "\"mathQuiz/Preview Content\"";
				DEVELOPMENT_TEAM = 9N6US9U86T;
				ENABLE_PREVIEWS = YES;
				GENERATE_INFOPLIST_FILE = YES;
				INFOPLIST_KEY_UIApplicationSceneManifest_Generation = YES;
				INFOPLIST_KEY_UIApplicationSupportsIndirectInputEvents = YES;
				INFOPLIST_KEY_UILaunchScreen_Generation = YES;
				INFOPLIST_KEY_UISupportedInterfaceOrientations_iPad = "UIInterfaceOrientationPortrait UIInterfaceOrientationPortraitUpsideDown UIInterfaceOrientationLandscapeLeft UIInterfaceOrientationLandscapeRight";
				INFOPLIST_KEY_UISupportedInterfaceOrientations_iPhone = "UIInterfaceOrientationPortrait UIInterfaceOrientationLandscapeLeft UIInterfaceOrientationLandscapeRight";
				IPHONEOS_DEPLOYMENT_TARGET = 16.0;
				LD_RUNPATH_SEARCH_PATHS = (
					"$(inherited)",
					"@executable_path/Frameworks",
				);
				MARKETING_VERSION = 1.0;
				PRODUCT_BUNDLE_IDENTIFIER = com.stasy.mathQuiz;
				PRODUCT_NAME = "$(TARGET_NAME)";
				SUPPORTED_PLATFORMS = "iphoneos iphonesimulator";
				SUPPORTS_MACCATALYST = NO;
				SUPPORTS_MAC_DESIGNED_FOR_IPHONE_IPAD = NO;
				SUPPORTS_XR_DESIGNED_FOR_IPHONE_IPAD = NO;
				SWIFT_EMIT_LOC_STRINGS = YES;
				SWIFT_VERSION = 5.0;
				TARGETED_DEVICE_FAMILY = "1,2";
			};
			name = Debug;
		};
		7124F8A02BC557B50032356E /* Release */ = {
			isa = XCBuildConfiguration;
			buildSettings = {
				ASSETCATALOG_COMPILER_APPICON_NAME = AppIcon;
				ASSETCATALOG_COMPILER_GLOBAL_ACCENT_COLOR_NAME = AccentColor;
				CODE_SIGN_STYLE = Automatic;
				CURRENT_PROJECT_VERSION = 1;
				DEVELOPMENT_ASSET_PATHS = "\"mathQuiz/Preview Content\"";
				DEVELOPMENT_TEAM = 9N6US9U86T;
				ENABLE_PREVIEWS = YES;
				GENERATE_INFOPLIST_FILE = YES;
				INFOPLIST_KEY_UIApplicationSceneManifest_Generation = YES;
				INFOPLIST_KEY_UIApplicationSupportsIndirectInputEvents = YES;
				INFOPLIST_KEY_UILaunchScreen_Generation = YES;
				INFOPLIST_KEY_UISupportedInterfaceOrientations_iPad = "UIInterfaceOrientationPortrait UIInterfaceOrientationPortraitUpsideDown UIInterfaceOrientationLandscapeLeft UIInterfaceOrientationLandscapeRight";
				INFOPLIST_KEY_UISupportedInterfaceOrientations_iPhone = "UIInterfaceOrientationPortrait UIInterfaceOrientationLandscapeLeft UIInterfaceOrientationLandscapeRight";
				IPHONEOS_DEPLOYMENT_TARGET = 16.0;
				LD_RUNPATH_SEARCH_PATHS = (
					"$(inherited)",
					"@executable_path/Frameworks",
				);
				MARKETING_VERSION = 1.0;
				PRODUCT_BUNDLE_IDENTIFIER = com.stasy.mathQuiz;
				PRODUCT_NAME = "$(TARGET_NAME)";
				SUPPORTED_PLATFORMS = "iphoneos iphonesimulator";
				SUPPORTS_MACCATALYST = NO;
				SUPPORTS_MAC_DESIGNED_FOR_IPHONE_IPAD = NO;
				SUPPORTS_XR_DESIGNED_FOR_IPHONE_IPAD = NO;
				SWIFT_EMIT_LOC_STRINGS = YES;
				SWIFT_VERSION = 5.0;
				TARGETED_DEVICE_FAMILY = "1,2";
			};
			name = Release;
		};
		7124F8A22BC557B50032356E /* Debug */ = {
			isa = XCBuildConfiguration;
			buildSettings = {
				ALWAYS_EMBED_SWIFT_STANDARD_LIBRARIES = YES;
				BUNDLE_LOADER = "$(TEST_HOST)";
				CODE_SIGN_STYLE = Automatic;
				CURRENT_PROJECT_VERSION = 1;
				DEVELOPMENT_TEAM = 9N6US9U86T;
				GENERATE_INFOPLIST_FILE = YES;
				IPHONEOS_DEPLOYMENT_TARGET = 17.4;
				MARKETING_VERSION = 1.0;
				PRODUCT_BUNDLE_IDENTIFIER = com.stasy.mathQuizTests;
				PRODUCT_NAME = "$(TARGET_NAME)";
				SWIFT_EMIT_LOC_STRINGS = NO;
				SWIFT_VERSION = 5.0;
				TARGETED_DEVICE_FAMILY = "1,2";
				TEST_HOST = "$(BUILT_PRODUCTS_DIR)/mathQuiz.app/$(BUNDLE_EXECUTABLE_FOLDER_PATH)/mathQuiz";
			};
			name = Debug;
		};
		7124F8A32BC557B50032356E /* Release */ = {
			isa = XCBuildConfiguration;
			buildSettings = {
				ALWAYS_EMBED_SWIFT_STANDARD_LIBRARIES = YES;
				BUNDLE_LOADER = "$(TEST_HOST)";
				CODE_SIGN_STYLE = Automatic;
				CURRENT_PROJECT_VERSION = 1;
				DEVELOPMENT_TEAM = 9N6US9U86T;
				GENERATE_INFOPLIST_FILE = YES;
				IPHONEOS_DEPLOYMENT_TARGET = 17.4;
				MARKETING_VERSION = 1.0;
				PRODUCT_BUNDLE_IDENTIFIER = com.stasy.mathQuizTests;
				PRODUCT_NAME = "$(TARGET_NAME)";
				SWIFT_EMIT_LOC_STRINGS = NO;
				SWIFT_VERSION = 5.0;
				TARGETED_DEVICE_FAMILY = "1,2";
				TEST_HOST = "$(BUILT_PRODUCTS_DIR)/mathQuiz.app/$(BUNDLE_EXECUTABLE_FOLDER_PATH)/mathQuiz";
			};
			name = Release;
		};
		7124F8A52BC557B50032356E /* Debug */ = {
			isa = XCBuildConfiguration;
			buildSettings = {
				ALWAYS_EMBED_SWIFT_STANDARD_LIBRARIES = YES;
				CODE_SIGN_STYLE = Automatic;
				CURRENT_PROJECT_VERSION = 1;
				DEVELOPMENT_TEAM = 9N6US9U86T;
				GENERATE_INFOPLIST_FILE = YES;
				MARKETING_VERSION = 1.0;
				PRODUCT_BUNDLE_IDENTIFIER = com.stasy.mathQuizUITests;
				PRODUCT_NAME = "$(TARGET_NAME)";
				SWIFT_EMIT_LOC_STRINGS = NO;
				SWIFT_VERSION = 5.0;
				TARGETED_DEVICE_FAMILY = "1,2";
				TEST_TARGET_NAME = mathQuiz;
			};
			name = Debug;
		};
		7124F8A62BC557B50032356E /* Release */ = {
			isa = XCBuildConfiguration;
			buildSettings = {
				ALWAYS_EMBED_SWIFT_STANDARD_LIBRARIES = YES;
				CODE_SIGN_STYLE = Automatic;
				CURRENT_PROJECT_VERSION = 1;
				DEVELOPMENT_TEAM = 9N6US9U86T;
				GENERATE_INFOPLIST_FILE = YES;
				MARKETING_VERSION = 1.0;
				PRODUCT_BUNDLE_IDENTIFIER = com.stasy.mathQuizUITests;
				PRODUCT_NAME = "$(TARGET_NAME)";
				SWIFT_EMIT_LOC_STRINGS = NO;
				SWIFT_VERSION = 5.0;
				TARGETED_DEVICE_FAMILY = "1,2";
				TEST_TARGET_NAME = mathQuiz;
			};
			name = Release;
		};
/* End XCBuildConfiguration section */

/* Begin XCConfigurationList section */
		7124F8752BC557B30032356E /* Build configuration list for PBXProject "mathQuiz" */ = {
			isa = XCConfigurationList;
			buildConfigurations = (
				7124F89C2BC557B50032356E /* Debug */,
				7124F89D2BC557B50032356E /* Release */,
			);
			defaultConfigurationIsVisible = 0;
			defaultConfigurationName = Release;
		};
		7124F89E2BC557B50032356E /* Build configuration list for PBXNativeTarget "mathQuiz" */ = {
			isa = XCConfigurationList;
			buildConfigurations = (
				7124F89F2BC557B50032356E /* Debug */,
				7124F8A02BC557B50032356E /* Release */,
			);
			defaultConfigurationIsVisible = 0;
			defaultConfigurationName = Release;
		};
		7124F8A12BC557B50032356E /* Build configuration list for PBXNativeTarget "mathQuizTests" */ = {
			isa = XCConfigurationList;
			buildConfigurations = (
				7124F8A22BC557B50032356E /* Debug */,
				7124F8A32BC557B50032356E /* Release */,
			);
			defaultConfigurationIsVisible = 0;
			defaultConfigurationName = Release;
		};
		7124F8A42BC557B50032356E /* Build configuration list for PBXNativeTarget "mathQuizUITests" */ = {
			isa = XCConfigurationList;
			buildConfigurations = (
				7124F8A52BC557B50032356E /* Debug */,
				7124F8A62BC557B50032356E /* Release */,
			);
			defaultConfigurationIsVisible = 0;
			defaultConfigurationName = Release;
		};
/* End XCConfigurationList section */

/* Begin XCRemoteSwiftPackageReference section */
		71985D332C77AA7E0048B09E /* XCRemoteSwiftPackageReference "SnapKit" */ = {
			isa = XCRemoteSwiftPackageReference;
			repositoryURL = "https://github.com/SnapKit/SnapKit.git";
			requirement = {
				kind = upToNextMajorVersion;
				minimumVersion = 5.7.1;
			};
		};
/* End XCRemoteSwiftPackageReference section */

/* Begin XCSwiftPackageProductDependency section */
		71985D342C77AA7E0048B09E /* SnapKit */ = {
			isa = XCSwiftPackageProductDependency;
			package = 71985D332C77AA7E0048B09E /* XCRemoteSwiftPackageReference "SnapKit" */;
			productName = SnapKit;
		};
/* End XCSwiftPackageProductDependency section */
	};
	rootObject = 7124F8722BC557B30032356E /* Project object */;
}
